
Microsoft Visual Studio Solution File, Format Version 12.00
# Visual Studio Version 17
VisualStudioVersion = 17.5.33209.295
MinimumVisualStudioVersion = 10.0.40219.1
Project("{FAE04EC0-301F-11D3-BF4B-00C04F79EFBC}") = "NiceEclipse", "NiceEclipse.csproj", "{38812A1C-D04F-43DD-9A81-108A3EFFA2DB}"
EndProject
Project("{FAE04EC0-301F-11D3-BF4B-00C04F79EFBC}") = "SkinForm", "..\SkinForm\SkinForm\SkinForm.csproj", "{7F988DDA-955F-42F2-82EB-D6058FB7FF75}"
EndProject
Global
	GlobalSection(SolutionConfigurationPlatforms) = preSolution
		Debug|Any CPU = Debug|Any CPU
		Release|Any CPU = Release|Any CPU
	EndGlobalSection
	GlobalSection(ProjectConfigurationPlatforms) = postSolution
		{38812A1C-D04F-43DD-9A81-108A3EFFA2DB}.Debug|Any CPU.ActiveCfg = Debug|Any CPU
		{38812A1C-D04F-43DD-9A81-108A3EFFA2DB}.Debug|Any CPU.Build.0 = Debug|Any CPU
		{38812A1C-D04F-43DD-9A81-108A3EFFA2DB}.Release|Any CPU.ActiveCfg = Release|Any CPU
		{38812A1C-D04F-43DD-9A81-108A3EFFA2DB}.Release|Any CPU.Build.0 = Release|Any CPU
		{7F988DDA-955F-42F2-82EB-D6058FB7FF75}.Debug|Any CPU.ActiveCfg = Debug|Any CPU
		{7F988DDA-955F-42F2-82EB-D6058FB7FF75}.Debug|Any CPU.Build.0 = Debug|Any CPU
		{7F988DDA-955F-42F2-82EB-D6058FB7FF75}.Release|Any CPU.ActiveCfg = Release|Any CPU
		{7F988DDA-955F-42F2-82EB-D6058FB7FF75}.Release|Any CPU.Build.0 = Release|Any CPU
	EndGlobalSection
	GlobalSection(SolutionProperties) = preSolution
		HideSolutionNode = FALSE
	EndGlobalSection
	GlobalSection(ExtensibilityGlobals) = postSolution
		SolutionGuid = {029E89E5-E2DF-4F6B-8CB9-EBD4EFFFC9ED}
	EndGlobalSection
EndGlobal
